<?xml version="1.0" encoding="utf-8"?>
<Project ToolsVersion="4.0" xmlns="http://schemas.microsoft.com/developer/msbuild/2003">
  <ItemGroup>
    <Filter Include="Config">
      <UniqueIdentifier>{5B583FAC-47FA-6982-30B5-7DD61CF6F0D2}</UniqueIdentifier>
    </Filter>
    <Filter Include="ImGui">
      <UniqueIdentifier>{C0FF640D-2C14-8DBE-F595-301E616989EF}</UniqueIdentifier>
    </Filter>
    <Filter Include="ImGui\Internal">
      <UniqueIdentifier>{ECBD7FD7-D88B-73DD-C11F-E403AD8C4F42}</UniqueIdentifier>
    </Filter>
    <Filter Include="ImGui\Wrappers">
      <UniqueIdentifier>{032276CB-EFEF-69D1-D883-DAF7C4F04536}</UniqueIdentifier>
    </Filter>
    <Filter Include="NodeEditor">
      <UniqueIdentifier>{924C8D43-7E04-CF90-E70B-A8ECD3E26981}</UniqueIdentifier>
    </Filter>
    <Filter Include="NodeEditor\Internal">
      <UniqueIdentifier>{FE9668EE-6AF8-45FC-F365-8CAE5FC67CBB}</UniqueIdentifier>
    </Filter>
  </ItemGroup>
  <ItemGroup>
    <ClInclude Include="config.h">
      <Filter>Config</Filter>
    </ClInclude>
    <ClInclude Include="imext\node-editor\internal\crude_json.h">
      <Filter>NodeEditor\Internal</Filter>
    </ClInclude>
    <ClInclude Include="imext\node-editor\internal\imgui_bezier_math.h">
      <Filter>NodeEditor\Internal</Filter>
    </ClInclude>
    <ClInclude Include="imext\node-editor\internal\imgui_bezier_math.inl">
      <Filter>NodeEditor\Internal</Filter>
    </ClInclude>
    <ClInclude Include="imext\node-editor\internal\imgui_canvas.h">
      <Filter>NodeEditor\Internal</Filter>
    </ClInclude>
    <ClInclude Include="imext\node-editor\internal\imgui_extra_math.h">
      <Filter>NodeEditor\Internal</Filter>
    </ClInclude>
    <ClInclude Include="imext\node-editor\internal\imgui_extra_math.inl">
      <Filter>NodeEditor\Internal</Filter>
    </ClInclude>
    <ClInclude Include="imext\node-editor\internal\imgui_node_editor.h">
      <Filter>NodeEditor\Internal</Filter>
    </ClInclude>
    <ClInclude Include="imext\node-editor\internal\imgui_node_editor_internal.h">
      <Filter>NodeEditor\Internal</Filter>
    </ClInclude>
    <ClInclude Include="imext\node-editor\internal\imgui_node_editor_internal.inl">
      <Filter>NodeEditor\Internal</Filter>
    </ClInclude>
    <ClInclude Include="imgm.h" />
    <ClInclude Include="imgui\imgui_impl_gm.h">
      <Filter>ImGui</Filter>
    </ClInclude>
    <ClInclude Include="imgui\internal\backends\imgui_impl_dx11.h">
      <Filter>ImGui\Internal</Filter>
    </ClInclude>
    <ClInclude Include="imgui\internal\backends\imgui_impl_win32.h">
      <Filter>ImGui\Internal</Filter>
    </ClInclude>
    <ClInclude Include="imgui\internal\imconfig.h">
      <Filter>ImGui\Internal</Filter>
    </ClInclude>
    <ClInclude Include="imgui\internal\imgui.h">
      <Filter>ImGui\Internal</Filter>
    </ClInclude>
    <ClInclude Include="imgui\internal\imgui_internal.h">
      <Filter>ImGui\Internal</Filter>
    </ClInclude>
    <ClInclude Include="imgui\internal\imstb_rectpack.h">
      <Filter>ImGui\Internal</Filter>
    </ClInclude>
    <ClInclude Include="imgui\internal\imstb_textedit.h">
      <Filter>ImGui\Internal</Filter>
    </ClInclude>
    <ClInclude Include="imgui\internal\imstb_truetype.h">
      <Filter>ImGui\Internal</Filter>
    </ClInclude>
    <ClInclude Include="imgui\wrappers\imgui_gm_fontconfig.h">
      <Filter>ImGui\Wrappers</Filter>
    </ClInclude>
    <ClInclude Include="imgui\wrappers\imgui_gm_selectionstorage.h">
      <Filter>ImGui\Wrappers</Filter>
    </ClInclude>
    <ClInclude Include="imgui\wrappers\imgui_gm_windowclass.h">
      <Filter>ImGui\Wrappers</Filter>
    </ClInclude>
    <ClInclude Include="imgui\wrappers\imgui_memory_editor.h">
      <Filter>ImGui\Wrappers</Filter>
    </ClInclude>
    <ClInclude Include="internal\gm.h">
      <Filter>Config</Filter>
    </ClInclude>
  </ItemGroup>
  <ItemGroup>
    <ClCompile Include="imext\node-editor\internal\crude_json.cpp">
      <Filter>NodeEditor\Internal</Filter>
    </ClCompile>
    <ClCompile Include="imext\node-editor\internal\imgui_canvas.cpp">
      <Filter>NodeEditor\Internal</Filter>
    </ClCompile>
    <ClCompile Include="imext\node-editor\internal\imgui_node_editor.cpp">
      <Filter>NodeEditor\Internal</Filter>
    </ClCompile>
    <ClCompile Include="imext\node-editor\internal\imgui_node_editor_api.cpp">
      <Filter>NodeEditor\Internal</Filter>
    </ClCompile>
    <ClCompile Include="imgm.cpp" />
    <ClCompile Include="imgui\imgui_impl_gm.cpp">
      <Filter>ImGui</Filter>
    </ClCompile>
    <ClCompile Include="imgui\internal\backends\imgui_impl_dx11.cpp">
      <Filter>ImGui\Internal</Filter>
    </ClCompile>
    <ClCompile Include="imgui\internal\backends\imgui_impl_win32.cpp">
      <Filter>ImGui\Internal</Filter>
    </ClCompile>
    <ClCompile Include="imgui\internal\imgui.cpp">
      <Filter>ImGui\Internal</Filter>
    </ClCompile>
    <ClCompile Include="imgui\internal\imgui_demo.cpp">
      <Filter>ImGui\Internal</Filter>
    </ClCompile>
    <ClCompile Include="imgui\internal\imgui_draw.cpp">
      <Filter>ImGui\Internal</Filter>
    </ClCompile>
    <ClCompile Include="imgui\internal\imgui_tables.cpp">
      <Filter>ImGui\Internal</Filter>
    </ClCompile>
    <ClCompile Include="imgui\internal\imgui_widgets.cpp">
      <Filter>ImGui\Internal</Filter>
    </ClCompile>
    <ClCompile Include="imgui\wrappers\imgui_api_gm.cpp">
      <Filter>ImGui\Wrappers</Filter>
    </ClCompile>
    <ClCompile Include="imgui\wrappers\imgui_color_gm.cpp">
      <Filter>ImGui\Wrappers</Filter>
    </ClCompile>
    <ClCompile Include="imgui\wrappers\imgui_combo_gm.cpp">
      <Filter>ImGui\Wrappers</Filter>
    </ClCompile>
    <ClCompile Include="imgui\wrappers\imgui_docking_gm.cpp">
      <Filter>ImGui\Wrappers</Filter>
    </ClCompile>
    <ClCompile Include="imgui\wrappers\imgui_drag_gm.cpp">
      <Filter>ImGui\Wrappers</Filter>
    </ClCompile>
    <ClCompile Include="imgui\wrappers\imgui_drawlist_gm.cpp">
      <Filter>ImGui\Wrappers</Filter>
    </ClCompile>
    <ClCompile Include="imgui\wrappers\imgui_ext_memeditor_gm.cpp">
      <Filter>ImGui\Wrappers</Filter>
    </ClCompile>
    <ClCompile Include="imgui\wrappers\imgui_fonts_gm.cpp">
      <Filter>ImGui\Wrappers</Filter>
    </ClCompile>
    <ClCompile Include="imgui\wrappers\imgui_input_gm.cpp">
      <Filter>ImGui\Wrappers</Filter>
    </ClCompile>
    <ClCompile Include="imgui\wrappers\imgui_input_widgets_gm.cpp">
      <Filter>ImGui\Wrappers</Filter>
    </ClCompile>
    <ClCompile Include="imgui\wrappers\imgui_layout_gm.cpp">
      <Filter>ImGui\Wrappers</Filter>
    </ClCompile>
    <ClCompile Include="imgui\wrappers\imgui_listbox_gm.cpp">
      <Filter>ImGui\Wrappers</Filter>
    </ClCompile>
    <ClCompile Include="imgui\wrappers\imgui_menu_gm.cpp">
      <Filter>ImGui\Wrappers</Filter>
    </ClCompile>
    <ClCompile Include="imgui\wrappers\imgui_payload_gm.cpp">
      <Filter>ImGui\Wrappers</Filter>
    </ClCompile>
    <ClCompile Include="imgui\wrappers\imgui_plots_gm.cpp">
      <Filter>ImGui\Wrappers</Filter>
    </ClCompile>
    <ClCompile Include="imgui\wrappers\imgui_popup_gm.cpp">
      <Filter>ImGui\Wrappers</Filter>
    </ClCompile>
    <ClCompile Include="imgui\wrappers\imgui_selectable_gm.cpp">
      <Filter>ImGui\Wrappers</Filter>
    </ClCompile>
    <ClCompile Include="imgui\wrappers\imgui_slider_gm.cpp">
      <Filter>ImGui\Wrappers</Filter>
    </ClCompile>
    <ClCompile Include="imgui\wrappers\imgui_style_gm.cpp">
      <Filter>ImGui\Wrappers</Filter>
    </ClCompile>
    <ClCompile Include="imgui\wrappers\imgui_table_gm.cpp">
      <Filter>ImGui\Wrappers</Filter>
    </ClCompile>
    <ClCompile Include="imgui\wrappers\imgui_tabs_gm.cpp">
      <Filter>ImGui\Wrappers</Filter>
    </ClCompile>
    <ClCompile Include="imgui\wrappers\imgui_text_gm.cpp">
      <Filter>ImGui\Wrappers</Filter>
    </ClCompile>
    <ClCompile Include="imgui\wrappers\imgui_tooltips_gm.cpp">
      <Filter>ImGui\Wrappers</Filter>
    </ClCompile>
    <ClCompile Include="imgui\wrappers\imgui_tree_gm.cpp">
      <Filter>ImGui\Wrappers</Filter>
    </ClCompile>
    <ClCompile Include="imgui\wrappers\imgui_widgets_gm.cpp">
      <Filter>ImGui\Wrappers</Filter>
    </ClCompile>
    <ClCompile Include="imgui\wrappers\imgui_window_gm.cpp">
      <Filter>ImGui\Wrappers</Filter>
    </ClCompile>
    <ClCompile Include="main.cpp" />
  </ItemGroup>
</Project>